
Microsoft Visual Studio Solution File, Format Version 12.00
# Visual Studio Version 17
VisualStudioVersion = 17.4.33403.182
MinimumVisualStudioVersion = 10.0.40219.1
Project("{FAE04EC0-301F-11D3-BF4B-00C04F79EFBC}") = "CardGameUI", "CardGameUI\CardGameUI.csproj", "{359CDB3B-ACB1-43C7-8A45-43207393267D}"
EndProject
Global
	GlobalSection(SolutionConfigurationPlatforms) = preSolution
		Debug|Any CPU = Debug|Any CPU
		Release|Any CPU = Release|Any CPU
	EndGlobalSection
	GlobalSection(ProjectConfigurationPlatforms) = postSolution
		{359CDB3B-ACB1-43C7-8A45-43207393267D}.Debug|Any CPU.ActiveCfg = Debug|Any CPU
		{359CDB3B-ACB1-43C7-8A45-43207393267D}.Debug|Any CPU.Build.0 = Debug|Any CPU
		{359CDB3B-ACB1-43C7-8A45-43207393267D}.Release|Any CPU.ActiveCfg = Release|Any CPU
		{359CDB3B-ACB1-43C7-8A45-43207393267D}.Release|Any CPU.Build.0 = Release|Any CPU
	EndGlobalSection
	GlobalSection(SolutionProperties) = preSolution
		HideSolutionNode = FALSE
	EndGlobalSection
	GlobalSection(ExtensibilityGlobals) = postSolution
		SolutionGuid = {676C8ACE-6A20-44FE-8A3C-4E235777EDB1}
	EndGlobalSection
EndGlobal
